
Microsoft Visual Studio Solution File, Format Version 12.00
# Visual Studio Version 16
VisualStudioVersion = 16.0.29519.181
MinimumVisualStudioVersion = 10.0.40219.1
Project("{FAE04EC0-301F-11D3-BF4B-00C04F79EFBC}") = "Easy_Level", "Easy_Level\Easy_Level.csproj", "{44A8A7A8-FFCE-4395-B2FC-1D8CFE9D7286}"
EndProject
Global
	GlobalSection(SolutionConfigurationPlatforms) = preSolution
		Debug|Any CPU = Debug|Any CPU
		Release|Any CPU = Release|Any CPU
	EndGlobalSection
	GlobalSection(ProjectConfigurationPlatforms) = postSolution
		{44A8A7A8-FFCE-4395-B2FC-1D8CFE9D7286}.Debug|Any CPU.ActiveCfg = Debug|Any CPU
		{44A8A7A8-FFCE-4395-B2FC-1D8CFE9D7286}.Debug|Any CPU.Build.0 = Debug|Any CPU
		{44A8A7A8-FFCE-4395-B2FC-1D8CFE9D7286}.Release|Any CPU.ActiveCfg = Release|Any CPU
		{44A8A7A8-FFCE-4395-B2FC-1D8CFE9D7286}.Release|Any CPU.Build.0 = Release|Any CPU
	EndGlobalSection
	GlobalSection(SolutionProperties) = preSolution
		HideSolutionNode = FALSE
	EndGlobalSection
	GlobalSection(ExtensibilityGlobals) = postSolution
		SolutionGuid = {CAD09964-7D18-4AAA-8988-3E2265E9C079}
	EndGlobalSection
EndGlobal
