
Microsoft Visual Studio Solution File, Format Version 12.00
# Visual Studio Version 16
VisualStudioVersion = 16.0.29519.181
MinimumVisualStudioVersion = 10.0.40219.1
Project("{FAE04EC0-301F-11D3-BF4B-00C04F79EFBC}") = "TYPES", "TYPES\TYPES.csproj", "{30126D4F-88D5-4C31-A871-A2DF439741BA}"
EndProject
Project("{FAE04EC0-301F-11D3-BF4B-00C04F79EFBC}") = "STRINGS", "STRINGS\STRINGS.csproj", "{94D88247-D5BD-4E14-8504-8FA0D2EB47AA}"
EndProject
Project("{FAE04EC0-301F-11D3-BF4B-00C04F79EFBC}") = "ARRAYS", "ARRAYS\ARRAYS.csproj", "{43679B60-CBEE-4B10-8F43-6E3A6AD55D03}"
EndProject
Project("{FAE04EC0-301F-11D3-BF4B-00C04F79EFBC}") = "TUPLES", "TUPLES\TUPLES.csproj", "{DCEA096F-C39A-4542-A201-62E29DADD2A6}"
EndProject
Global
	GlobalSection(SolutionConfigurationPlatforms) = preSolution
		Debug|Any CPU = Debug|Any CPU
		Release|Any CPU = Release|Any CPU
	EndGlobalSection
	GlobalSection(ProjectConfigurationPlatforms) = postSolution
		{30126D4F-88D5-4C31-A871-A2DF439741BA}.Debug|Any CPU.ActiveCfg = Debug|Any CPU
		{30126D4F-88D5-4C31-A871-A2DF439741BA}.Debug|Any CPU.Build.0 = Debug|Any CPU
		{30126D4F-88D5-4C31-A871-A2DF439741BA}.Release|Any CPU.ActiveCfg = Release|Any CPU
		{30126D4F-88D5-4C31-A871-A2DF439741BA}.Release|Any CPU.Build.0 = Release|Any CPU
		{94D88247-D5BD-4E14-8504-8FA0D2EB47AA}.Debug|Any CPU.ActiveCfg = Debug|Any CPU
		{94D88247-D5BD-4E14-8504-8FA0D2EB47AA}.Debug|Any CPU.Build.0 = Debug|Any CPU
		{94D88247-D5BD-4E14-8504-8FA0D2EB47AA}.Release|Any CPU.ActiveCfg = Release|Any CPU
		{94D88247-D5BD-4E14-8504-8FA0D2EB47AA}.Release|Any CPU.Build.0 = Release|Any CPU
		{43679B60-CBEE-4B10-8F43-6E3A6AD55D03}.Debug|Any CPU.ActiveCfg = Debug|Any CPU
		{43679B60-CBEE-4B10-8F43-6E3A6AD55D03}.Debug|Any CPU.Build.0 = Debug|Any CPU
		{43679B60-CBEE-4B10-8F43-6E3A6AD55D03}.Release|Any CPU.ActiveCfg = Release|Any CPU
		{43679B60-CBEE-4B10-8F43-6E3A6AD55D03}.Release|Any CPU.Build.0 = Release|Any CPU
		{DCEA096F-C39A-4542-A201-62E29DADD2A6}.Debug|Any CPU.ActiveCfg = Debug|Any CPU
		{DCEA096F-C39A-4542-A201-62E29DADD2A6}.Debug|Any CPU.Build.0 = Debug|Any CPU
		{DCEA096F-C39A-4542-A201-62E29DADD2A6}.Release|Any CPU.ActiveCfg = Release|Any CPU
		{DCEA096F-C39A-4542-A201-62E29DADD2A6}.Release|Any CPU.Build.0 = Release|Any CPU
	EndGlobalSection
	GlobalSection(SolutionProperties) = preSolution
		HideSolutionNode = FALSE
	EndGlobalSection
	GlobalSection(ExtensibilityGlobals) = postSolution
		SolutionGuid = {0337B596-FCEB-4285-8EA3-05F65A098F25}
	EndGlobalSection
EndGlobal
