
Microsoft Visual Studio Solution File, Format Version 12.00
# Visual Studio Version 16
VisualStudioVersion = 16.0.29418.71
MinimumVisualStudioVersion = 10.0.40219.1
Project("{FAE04EC0-301F-11D3-BF4B-00C04F79EFBC}") = "Easy_Level", "Easy_Level\Easy_Level.csproj", "{EE1AB20F-2E55-4604-81E2-797955E34E75}"
EndProject
Project("{FAE04EC0-301F-11D3-BF4B-00C04F79EFBC}") = "High_Level", "High_Level\High_Level.csproj", "{0BC8F99C-7D47-4E5E-9906-0DD564300283}"
EndProject
Global
	GlobalSection(SolutionConfigurationPlatforms) = preSolution
		Debug|Any CPU = Debug|Any CPU
		Release|Any CPU = Release|Any CPU
	EndGlobalSection
	GlobalSection(ProjectConfigurationPlatforms) = postSolution
		{EE1AB20F-2E55-4604-81E2-797955E34E75}.Debug|Any CPU.ActiveCfg = Debug|Any CPU
		{EE1AB20F-2E55-4604-81E2-797955E34E75}.Debug|Any CPU.Build.0 = Debug|Any CPU
		{EE1AB20F-2E55-4604-81E2-797955E34E75}.Release|Any CPU.ActiveCfg = Release|Any CPU
		{EE1AB20F-2E55-4604-81E2-797955E34E75}.Release|Any CPU.Build.0 = Release|Any CPU
		{0BC8F99C-7D47-4E5E-9906-0DD564300283}.Debug|Any CPU.ActiveCfg = Debug|Any CPU
		{0BC8F99C-7D47-4E5E-9906-0DD564300283}.Debug|Any CPU.Build.0 = Debug|Any CPU
		{0BC8F99C-7D47-4E5E-9906-0DD564300283}.Release|Any CPU.ActiveCfg = Release|Any CPU
		{0BC8F99C-7D47-4E5E-9906-0DD564300283}.Release|Any CPU.Build.0 = Release|Any CPU
	EndGlobalSection
	GlobalSection(SolutionProperties) = preSolution
		HideSolutionNode = FALSE
	EndGlobalSection
	GlobalSection(ExtensibilityGlobals) = postSolution
		SolutionGuid = {B659C7D4-42B9-4B86-BD17-DF31DB09562D}
	EndGlobalSection
EndGlobal
